
Microsoft Visual Studio Solution File, Format Version 12.00
# Visual Studio Version 17
VisualStudioVersion = 17.0.31903.59
MinimumVisualStudioVersion = 10.0.40219.1
Project("{FAE04EC0-301F-11D3-BF4B-00C04F79EFBC}") = "ApiGateway", "ApiGateway\ApiGateway.csproj", "{A23D514C-A6F3-4449-AE6F-BB214D1250C6}"
EndProject
Project("{2150E333-8FDC-42A3-9474-1A3956D46DE8}") = "Servicios", "Servicios", "{09559CD3-A414-482B-8747-EAD1B5CF7872}"
EndProject
Project("{2150E333-8FDC-42A3-9474-1A3956D46DE8}") = "Catalog", "Catalog", "{B4C946E4-C5E8-4010-B68B-98CBCDA19E5A}"
EndProject
Project("{2150E333-8FDC-42A3-9474-1A3956D46DE8}") = "CatalogAPI", "CatalogAPI", "{BBF56FBE-EFBD-475E-9BDB-139B2EEEA85B}"
EndProject
Project("{FAE04EC0-301F-11D3-BF4B-00C04F79EFBC}") = "Application", "Servicios\Catalog\CatalogAPI\Application\Application.csproj", "{5F36D02F-F739-4858-A228-BB8E85486BC8}"
EndProject
Project("{FAE04EC0-301F-11D3-BF4B-00C04F79EFBC}") = "Domain", "Servicios\Catalog\CatalogAPI\Domain\Domain.csproj", "{57C8C4BD-1603-49FC-B343-91A443F79AE2}"
EndProject
Project("{FAE04EC0-301F-11D3-BF4B-00C04F79EFBC}") = "Infrastructure", "Servicios\Catalog\CatalogAPI\Infrastructure\Infrastructure.csproj", "{CB602B6E-7000-41AA-95FF-1883DDB09DA3}"
EndProject
Project("{FAE04EC0-301F-11D3-BF4B-00C04F79EFBC}") = "PublicAPI", "Servicios\Catalog\CatalogAPI\PublicAPI\PublicAPI.csproj", "{1AF537EA-D600-47BC-8D9E-3EE22E4DFCF8}"
EndProject
Project("{FAE04EC0-301F-11D3-BF4B-00C04F79EFBC}") = "CatalogTests", "Servicios\Catalog\CatalogTests\CatalogTests.csproj", "{95263E2A-965F-4598-8F0E-0B0DE60E0760}"
EndProject
Project("{2150E333-8FDC-42A3-9474-1A3956D46DE8}") = "FavoriteList", "FavoriteList", "{96623D63-8662-4B23-ABC3-48B8B66D4369}"
EndProject
Project("{2150E333-8FDC-42A3-9474-1A3956D46DE8}") = "FavoriteListAPI", "FavoriteListAPI", "{A1DFFEA8-58A6-40E8-90FD-5BD9221EF650}"
EndProject
Project("{FAE04EC0-301F-11D3-BF4B-00C04F79EFBC}") = "Application", "Servicios\FavoriteList\FavoriteListAPI\Application\Application.csproj", "{41B08BCE-3C69-452D-85CF-A028D2F7223F}"
EndProject
Project("{FAE04EC0-301F-11D3-BF4B-00C04F79EFBC}") = "Domain", "Servicios\FavoriteList\FavoriteListAPI\Domain\Domain.csproj", "{09A0AD7E-E07E-44AC-9B04-164ED033EE48}"
EndProject
Project("{FAE04EC0-301F-11D3-BF4B-00C04F79EFBC}") = "Infrastructure", "Servicios\FavoriteList\FavoriteListAPI\Infrastructure\Infrastructure.csproj", "{B92330F7-F6AE-4C06-8EA5-D121012A55D7}"
EndProject
Project("{FAE04EC0-301F-11D3-BF4B-00C04F79EFBC}") = "PublicAPI", "Servicios\FavoriteList\FavoriteListAPI\PublicAPI\PublicAPI.csproj", "{04ECF11B-1222-4D11-844F-29D58E5A1EF8}"
EndProject
Project("{FAE04EC0-301F-11D3-BF4B-00C04F79EFBC}") = "FavoriteListTests", "Servicios\FavoriteList\FavoriteListTests\FavoriteListTests.csproj", "{780EAEE6-7367-4C42-800C-0CED9256AA64}"
EndProject
Project("{2150E333-8FDC-42A3-9474-1A3956D46DE8}") = "Identity", "Identity", "{143918CB-F4A0-439A-9DFB-4447D5A848F3}"
EndProject
Project("{2150E333-8FDC-42A3-9474-1A3956D46DE8}") = "IdentityAPI", "IdentityAPI", "{5024F044-18B2-4B72-834B-8C1F14F4402C}"
EndProject
Project("{FAE04EC0-301F-11D3-BF4B-00C04F79EFBC}") = "Application", "Servicios\Identity\IdentityAPI\Application\Application.csproj", "{6249055F-351B-4748-8246-1FD1A96FE170}"
EndProject
Project("{FAE04EC0-301F-11D3-BF4B-00C04F79EFBC}") = "Domain", "Servicios\Identity\IdentityAPI\Domain\Domain.csproj", "{2D5CBD11-94CB-49B2-9B11-7B2965202996}"
EndProject
Project("{FAE04EC0-301F-11D3-BF4B-00C04F79EFBC}") = "Infrastructure", "Servicios\Identity\IdentityAPI\Infrastructure\Infrastructure.csproj", "{0418776F-533E-4D5B-BC63-70AB8A3FAAC6}"
EndProject
Project("{FAE04EC0-301F-11D3-BF4B-00C04F79EFBC}") = "PublicAPI", "Servicios\Identity\IdentityAPI\PublicAPI\PublicAPI.csproj", "{9859EB52-2373-4C2C-8939-B4C1F72BF738}"
EndProject
Project("{FAE04EC0-301F-11D3-BF4B-00C04F79EFBC}") = "IdentityTests", "Servicios\Identity\IdentityTests\IdentityTests.csproj", "{FBF1BE81-A156-481F-BC87-778F50030A21}"
EndProject
Project("{FAE04EC0-301F-11D3-BF4B-00C04F79EFBC}") = "Services.Common", "Servicios\Services.Common\Services.Common.csproj", "{4918E6A9-9E1D-48DA-826A-729F8657BA2A}"
EndProject
Global
	GlobalSection(SolutionConfigurationPlatforms) = preSolution
		Debug|Any CPU = Debug|Any CPU
		Release|Any CPU = Release|Any CPU
	EndGlobalSection
	GlobalSection(SolutionProperties) = preSolution
		HideSolutionNode = FALSE
	EndGlobalSection
	GlobalSection(ProjectConfigurationPlatforms) = postSolution
		{A23D514C-A6F3-4449-AE6F-BB214D1250C6}.Debug|Any CPU.ActiveCfg = Debug|Any CPU
		{A23D514C-A6F3-4449-AE6F-BB214D1250C6}.Debug|Any CPU.Build.0 = Debug|Any CPU
		{A23D514C-A6F3-4449-AE6F-BB214D1250C6}.Release|Any CPU.ActiveCfg = Release|Any CPU
		{A23D514C-A6F3-4449-AE6F-BB214D1250C6}.Release|Any CPU.Build.0 = Release|Any CPU
		{5F36D02F-F739-4858-A228-BB8E85486BC8}.Debug|Any CPU.ActiveCfg = Debug|Any CPU
		{5F36D02F-F739-4858-A228-BB8E85486BC8}.Debug|Any CPU.Build.0 = Debug|Any CPU
		{5F36D02F-F739-4858-A228-BB8E85486BC8}.Release|Any CPU.ActiveCfg = Release|Any CPU
		{5F36D02F-F739-4858-A228-BB8E85486BC8}.Release|Any CPU.Build.0 = Release|Any CPU
		{57C8C4BD-1603-49FC-B343-91A443F79AE2}.Debug|Any CPU.ActiveCfg = Debug|Any CPU
		{57C8C4BD-1603-49FC-B343-91A443F79AE2}.Debug|Any CPU.Build.0 = Debug|Any CPU
		{57C8C4BD-1603-49FC-B343-91A443F79AE2}.Release|Any CPU.ActiveCfg = Release|Any CPU
		{57C8C4BD-1603-49FC-B343-91A443F79AE2}.Release|Any CPU.Build.0 = Release|Any CPU
		{CB602B6E-7000-41AA-95FF-1883DDB09DA3}.Debug|Any CPU.ActiveCfg = Debug|Any CPU
		{CB602B6E-7000-41AA-95FF-1883DDB09DA3}.Debug|Any CPU.Build.0 = Debug|Any CPU
		{CB602B6E-7000-41AA-95FF-1883DDB09DA3}.Release|Any CPU.ActiveCfg = Release|Any CPU
		{CB602B6E-7000-41AA-95FF-1883DDB09DA3}.Release|Any CPU.Build.0 = Release|Any CPU
		{1AF537EA-D600-47BC-8D9E-3EE22E4DFCF8}.Debug|Any CPU.ActiveCfg = Debug|Any CPU
		{1AF537EA-D600-47BC-8D9E-3EE22E4DFCF8}.Debug|Any CPU.Build.0 = Debug|Any CPU
		{1AF537EA-D600-47BC-8D9E-3EE22E4DFCF8}.Release|Any CPU.ActiveCfg = Release|Any CPU
		{1AF537EA-D600-47BC-8D9E-3EE22E4DFCF8}.Release|Any CPU.Build.0 = Release|Any CPU
		{95263E2A-965F-4598-8F0E-0B0DE60E0760}.Debug|Any CPU.ActiveCfg = Debug|Any CPU
		{95263E2A-965F-4598-8F0E-0B0DE60E0760}.Debug|Any CPU.Build.0 = Debug|Any CPU
		{95263E2A-965F-4598-8F0E-0B0DE60E0760}.Release|Any CPU.ActiveCfg = Release|Any CPU
		{95263E2A-965F-4598-8F0E-0B0DE60E0760}.Release|Any CPU.Build.0 = Release|Any CPU
		{41B08BCE-3C69-452D-85CF-A028D2F7223F}.Debug|Any CPU.ActiveCfg = Debug|Any CPU
		{41B08BCE-3C69-452D-85CF-A028D2F7223F}.Debug|Any CPU.Build.0 = Debug|Any CPU
		{41B08BCE-3C69-452D-85CF-A028D2F7223F}.Release|Any CPU.ActiveCfg = Release|Any CPU
		{41B08BCE-3C69-452D-85CF-A028D2F7223F}.Release|Any CPU.Build.0 = Release|Any CPU
		{09A0AD7E-E07E-44AC-9B04-164ED033EE48}.Debug|Any CPU.ActiveCfg = Debug|Any CPU
		{09A0AD7E-E07E-44AC-9B04-164ED033EE48}.Debug|Any CPU.Build.0 = Debug|Any CPU
		{09A0AD7E-E07E-44AC-9B04-164ED033EE48}.Release|Any CPU.ActiveCfg = Release|Any CPU
		{09A0AD7E-E07E-44AC-9B04-164ED033EE48}.Release|Any CPU.Build.0 = Release|Any CPU
		{B92330F7-F6AE-4C06-8EA5-D121012A55D7}.Debug|Any CPU.ActiveCfg = Debug|Any CPU
		{B92330F7-F6AE-4C06-8EA5-D121012A55D7}.Debug|Any CPU.Build.0 = Debug|Any CPU
		{B92330F7-F6AE-4C06-8EA5-D121012A55D7}.Release|Any CPU.ActiveCfg = Release|Any CPU
		{B92330F7-F6AE-4C06-8EA5-D121012A55D7}.Release|Any CPU.Build.0 = Release|Any CPU
		{04ECF11B-1222-4D11-844F-29D58E5A1EF8}.Debug|Any CPU.ActiveCfg = Debug|Any CPU
		{04ECF11B-1222-4D11-844F-29D58E5A1EF8}.Debug|Any CPU.Build.0 = Debug|Any CPU
		{04ECF11B-1222-4D11-844F-29D58E5A1EF8}.Release|Any CPU.ActiveCfg = Release|Any CPU
		{04ECF11B-1222-4D11-844F-29D58E5A1EF8}.Release|Any CPU.Build.0 = Release|Any CPU
		{780EAEE6-7367-4C42-800C-0CED9256AA64}.Debug|Any CPU.ActiveCfg = Debug|Any CPU
		{780EAEE6-7367-4C42-800C-0CED9256AA64}.Debug|Any CPU.Build.0 = Debug|Any CPU
		{780EAEE6-7367-4C42-800C-0CED9256AA64}.Release|Any CPU.ActiveCfg = Release|Any CPU
		{780EAEE6-7367-4C42-800C-0CED9256AA64}.Release|Any CPU.Build.0 = Release|Any CPU
		{6249055F-351B-4748-8246-1FD1A96FE170}.Debug|Any CPU.ActiveCfg = Debug|Any CPU
		{6249055F-351B-4748-8246-1FD1A96FE170}.Debug|Any CPU.Build.0 = Debug|Any CPU
		{6249055F-351B-4748-8246-1FD1A96FE170}.Release|Any CPU.ActiveCfg = Release|Any CPU
		{6249055F-351B-4748-8246-1FD1A96FE170}.Release|Any CPU.Build.0 = Release|Any CPU
		{2D5CBD11-94CB-49B2-9B11-7B2965202996}.Debug|Any CPU.ActiveCfg = Debug|Any CPU
		{2D5CBD11-94CB-49B2-9B11-7B2965202996}.Debug|Any CPU.Build.0 = Debug|Any CPU
		{2D5CBD11-94CB-49B2-9B11-7B2965202996}.Release|Any CPU.ActiveCfg = Release|Any CPU
		{2D5CBD11-94CB-49B2-9B11-7B2965202996}.Release|Any CPU.Build.0 = Release|Any CPU
		{0418776F-533E-4D5B-BC63-70AB8A3FAAC6}.Debug|Any CPU.ActiveCfg = Debug|Any CPU
		{0418776F-533E-4D5B-BC63-70AB8A3FAAC6}.Debug|Any CPU.Build.0 = Debug|Any CPU
		{0418776F-533E-4D5B-BC63-70AB8A3FAAC6}.Release|Any CPU.ActiveCfg = Release|Any CPU
		{0418776F-533E-4D5B-BC63-70AB8A3FAAC6}.Release|Any CPU.Build.0 = Release|Any CPU
		{9859EB52-2373-4C2C-8939-B4C1F72BF738}.Debug|Any CPU.ActiveCfg = Debug|Any CPU
		{9859EB52-2373-4C2C-8939-B4C1F72BF738}.Debug|Any CPU.Build.0 = Debug|Any CPU
		{9859EB52-2373-4C2C-8939-B4C1F72BF738}.Release|Any CPU.ActiveCfg = Release|Any CPU
		{9859EB52-2373-4C2C-8939-B4C1F72BF738}.Release|Any CPU.Build.0 = Release|Any CPU
		{FBF1BE81-A156-481F-BC87-778F50030A21}.Debug|Any CPU.ActiveCfg = Debug|Any CPU
		{FBF1BE81-A156-481F-BC87-778F50030A21}.Debug|Any CPU.Build.0 = Debug|Any CPU
		{FBF1BE81-A156-481F-BC87-778F50030A21}.Release|Any CPU.ActiveCfg = Release|Any CPU
		{FBF1BE81-A156-481F-BC87-778F50030A21}.Release|Any CPU.Build.0 = Release|Any CPU
		{4918E6A9-9E1D-48DA-826A-729F8657BA2A}.Debug|Any CPU.ActiveCfg = Debug|Any CPU
		{4918E6A9-9E1D-48DA-826A-729F8657BA2A}.Debug|Any CPU.Build.0 = Debug|Any CPU
		{4918E6A9-9E1D-48DA-826A-729F8657BA2A}.Release|Any CPU.ActiveCfg = Release|Any CPU
		{4918E6A9-9E1D-48DA-826A-729F8657BA2A}.Release|Any CPU.Build.0 = Release|Any CPU
	EndGlobalSection
	GlobalSection(NestedProjects) = preSolution
		{B4C946E4-C5E8-4010-B68B-98CBCDA19E5A} = {09559CD3-A414-482B-8747-EAD1B5CF7872}
		{BBF56FBE-EFBD-475E-9BDB-139B2EEEA85B} = {B4C946E4-C5E8-4010-B68B-98CBCDA19E5A}
		{5F36D02F-F739-4858-A228-BB8E85486BC8} = {BBF56FBE-EFBD-475E-9BDB-139B2EEEA85B}
		{57C8C4BD-1603-49FC-B343-91A443F79AE2} = {BBF56FBE-EFBD-475E-9BDB-139B2EEEA85B}
		{CB602B6E-7000-41AA-95FF-1883DDB09DA3} = {BBF56FBE-EFBD-475E-9BDB-139B2EEEA85B}
		{1AF537EA-D600-47BC-8D9E-3EE22E4DFCF8} = {BBF56FBE-EFBD-475E-9BDB-139B2EEEA85B}
		{95263E2A-965F-4598-8F0E-0B0DE60E0760} = {B4C946E4-C5E8-4010-B68B-98CBCDA19E5A}
		{96623D63-8662-4B23-ABC3-48B8B66D4369} = {09559CD3-A414-482B-8747-EAD1B5CF7872}
		{A1DFFEA8-58A6-40E8-90FD-5BD9221EF650} = {96623D63-8662-4B23-ABC3-48B8B66D4369}
		{41B08BCE-3C69-452D-85CF-A028D2F7223F} = {A1DFFEA8-58A6-40E8-90FD-5BD9221EF650}
		{09A0AD7E-E07E-44AC-9B04-164ED033EE48} = {A1DFFEA8-58A6-40E8-90FD-5BD9221EF650}
		{B92330F7-F6AE-4C06-8EA5-D121012A55D7} = {A1DFFEA8-58A6-40E8-90FD-5BD9221EF650}
		{04ECF11B-1222-4D11-844F-29D58E5A1EF8} = {A1DFFEA8-58A6-40E8-90FD-5BD9221EF650}
		{780EAEE6-7367-4C42-800C-0CED9256AA64} = {96623D63-8662-4B23-ABC3-48B8B66D4369}
		{143918CB-F4A0-439A-9DFB-4447D5A848F3} = {09559CD3-A414-482B-8747-EAD1B5CF7872}
		{5024F044-18B2-4B72-834B-8C1F14F4402C} = {143918CB-F4A0-439A-9DFB-4447D5A848F3}
		{6249055F-351B-4748-8246-1FD1A96FE170} = {5024F044-18B2-4B72-834B-8C1F14F4402C}
		{2D5CBD11-94CB-49B2-9B11-7B2965202996} = {5024F044-18B2-4B72-834B-8C1F14F4402C}
		{0418776F-533E-4D5B-BC63-70AB8A3FAAC6} = {5024F044-18B2-4B72-834B-8C1F14F4402C}
		{9859EB52-2373-4C2C-8939-B4C1F72BF738} = {5024F044-18B2-4B72-834B-8C1F14F4402C}
		{FBF1BE81-A156-481F-BC87-778F50030A21} = {143918CB-F4A0-439A-9DFB-4447D5A848F3}
		{4918E6A9-9E1D-48DA-826A-729F8657BA2A} = {09559CD3-A414-482B-8747-EAD1B5CF7872}
	EndGlobalSection
EndGlobal
